// !$*UTF8*$!
{
	archiveVersion = 1;
	classes = {
	};
	objectVersion = 50;
	objects = {

/* Begin PBXBuildFile section */
		5B332E4923D5206D00494F35 /* main.cpp in Sources */ = {isa = PBXBuildFile; fileRef = 5B332E4823D5206D00494F35 /* main.cpp */; };
		5B332E5123D5213500494F35 /* OpenGL.framework in Frameworks */ = {isa = PBXBuildFile; fileRef = 5B332E5023D5213500494F35 /* OpenGL.framework */; };
		5B332E5323D521BF00494F35 /* libGLEW.2.1.0.dylib in Frameworks */ = {isa = PBXBuildFile; fileRef = 5B332E5223D521BF00494F35 /* libGLEW.2.1.0.dylib */; };
		5B332E5723D521F200494F35 /* libglfw.3.3.dylib in Frameworks */ = {isa = PBXBuildFile; fileRef = 5B332E5623D521F100494F35 /* libglfw.3.3.dylib */; };
		5B3E30A42487C2AF001B8722 /* Model.cpp in Sources */ = {isa = PBXBuildFile; fileRef = 5B3E30A22487C2AF001B8722 /* Model.cpp */; };
		5B947560242D7EBD005C526C /* Mesh.cpp in Sources */ = {isa = PBXBuildFile; fileRef = 5B94755E242D7EBD005C526C /* Mesh.cpp */; };
		5B9475632430EC9B005C526C /* Shader.cpp in Sources */ = {isa = PBXBuildFile; fileRef = 5B9475612430EC9B005C526C /* Shader.cpp */; };
		5B94757224323E41005C526C /* Window.cpp in Sources */ = {isa = PBXBuildFile; fileRef = 5B94757024323E41005C526C /* Window.cpp */; };
		5BE8522A243E5F5F001EAC83 /* Camera.cpp in Sources */ = {isa = PBXBuildFile; fileRef = 5BE85228243E5F5F001EAC83 /* Camera.cpp */; };
		5BE8522D244103F7001EAC83 /* Texture.cpp in Sources */ = {isa = PBXBuildFile; fileRef = 5BE8522B244103F7001EAC83 /* Texture.cpp */; };
		5BE8523A244400FC001EAC83 /* Light.cpp in Sources */ = {isa = PBXBuildFile; fileRef = 5BE85238244400FC001EAC83 /* Light.cpp */; };
		5BE8523D2447EB05001EAC83 /* Material.cpp in Sources */ = {isa = PBXBuildFile; fileRef = 5BE8523B2447EB05001EAC83 /* Material.cpp */; };
		5BEDFE1324645F85008B2FC9 /* DirectionalLight.cpp in Sources */ = {isa = PBXBuildFile; fileRef = 5BEDFE1124645F85008B2FC9 /* DirectionalLight.cpp */; };
		5BEDFE16247D2C3C008B2FC9 /* PointLight.cpp in Sources */ = {isa = PBXBuildFile; fileRef = 5BEDFE14247D2C3C008B2FC9 /* PointLight.cpp */; };
		5BEDFE1A24811F14008B2FC9 /* SpotLight.cpp in Sources */ = {isa = PBXBuildFile; fileRef = 5BEDFE1824811F14008B2FC9 /* SpotLight.cpp */; };
		5BEDFE272486EE32008B2FC9 /* libassimp.3.3.1.dylib in Frameworks */ = {isa = PBXBuildFile; fileRef = 5BEDFE262486EE30008B2FC9 /* libassimp.3.3.1.dylib */; };
/* End PBXBuildFile section */

/* Begin PBXCopyFilesBuildPhase section */
		5B332E4323D5206D00494F35 /* CopyFiles */ = {
			isa = PBXCopyFilesBuildPhase;
			buildActionMask = 2147483647;
			dstPath = /usr/share/man/man1/;
			dstSubfolderSpec = 0;
			files = (
			);
			runOnlyForDeploymentPostprocessing = 1;
		};
/* End PBXCopyFilesBuildPhase section */

/* Begin PBXFileReference section */
		5B332E4523D5206D00494F35 /* OpenGLCourseApp */ = {isa = PBXFileReference; explicitFileType = "compiled.mach-o.executable"; includeInIndex = 0; path = OpenGLCourseApp; sourceTree = BUILT_PRODUCTS_DIR; };
		5B332E4823D5206D00494F35 /* main.cpp */ = {isa = PBXFileReference; lastKnownFileType = sourcecode.cpp.cpp; path = main.cpp; sourceTree = "<group>"; };
		5B332E5023D5213500494F35 /* OpenGL.framework */ = {isa = PBXFileReference; lastKnownFileType = wrapper.framework; name = OpenGL.framework; path = System/Library/Frameworks/OpenGL.framework; sourceTree = SDKROOT; };
		5B332E5223D521BF00494F35 /* libGLEW.2.1.0.dylib */ = {isa = PBXFileReference; lastKnownFileType = "compiled.mach-o.dylib"; name = libGLEW.2.1.0.dylib; path = ../../../../usr/local/Cellar/glew/2.1.0/lib/libGLEW.2.1.0.dylib; sourceTree = "<group>"; };
		5B332E5423D521D000494F35 /* Cellar */ = {isa = PBXFileReference; lastKnownFileType = folder; name = Cellar; path = ../../../../usr/local/Cellar; sourceTree = "<group>"; };
		5B332E5623D521F100494F35 /* libglfw.3.3.dylib */ = {isa = PBXFileReference; lastKnownFileType = "compiled.mach-o.dylib"; name = libglfw.3.3.dylib; path = ../../../../usr/local/Cellar/glfw/3.3.1/lib/libglfw.3.3.dylib; sourceTree = "<group>"; };
		5B3E30A22487C2AF001B8722 /* Model.cpp */ = {isa = PBXFileReference; lastKnownFileType = sourcecode.cpp.cpp; path = Model.cpp; sourceTree = "<group>"; };
		5B3E30A32487C2AF001B8722 /* Model.hpp */ = {isa = PBXFileReference; lastKnownFileType = sourcecode.cpp.h; path = Model.hpp; sourceTree = "<group>"; };
		5B94755E242D7EBD005C526C /* Mesh.cpp */ = {isa = PBXFileReference; lastKnownFileType = sourcecode.cpp.cpp; path = Mesh.cpp; sourceTree = "<group>"; };
		5B94755F242D7EBD005C526C /* Mesh.hpp */ = {isa = PBXFileReference; lastKnownFileType = sourcecode.cpp.h; path = Mesh.hpp; sourceTree = "<group>"; };
		5B9475612430EC9B005C526C /* Shader.cpp */ = {isa = PBXFileReference; lastKnownFileType = sourcecode.cpp.cpp; path = Shader.cpp; sourceTree = "<group>"; };
		5B9475622430EC9B005C526C /* Shader.hpp */ = {isa = PBXFileReference; lastKnownFileType = sourcecode.cpp.h; path = Shader.hpp; sourceTree = "<group>"; };
		5B94756C24310A47005C526C /* shader.fs */ = {isa = PBXFileReference; lastKnownFileType = sourcecode.glsl; path = shader.fs; sourceTree = "<group>"; };
		5B94756D24310C1B005C526C /* shader.vs */ = {isa = PBXFileReference; lastKnownFileType = sourcecode.glsl; path = shader.vs; sourceTree = "<group>"; };
		5B94757024323E41005C526C /* Window.cpp */ = {isa = PBXFileReference; lastKnownFileType = sourcecode.cpp.cpp; path = Window.cpp; sourceTree = "<group>"; };
		5B94757124323E41005C526C /* Window.hpp */ = {isa = PBXFileReference; lastKnownFileType = sourcecode.cpp.h; path = Window.hpp; sourceTree = "<group>"; };
		5BE85228243E5F5F001EAC83 /* Camera.cpp */ = {isa = PBXFileReference; lastKnownFileType = sourcecode.cpp.cpp; path = Camera.cpp; sourceTree = "<group>"; };
		5BE85229243E5F5F001EAC83 /* Camera.hpp */ = {isa = PBXFileReference; lastKnownFileType = sourcecode.cpp.h; path = Camera.hpp; sourceTree = "<group>"; };
		5BE8522B244103F7001EAC83 /* Texture.cpp */ = {isa = PBXFileReference; lastKnownFileType = sourcecode.cpp.cpp; path = Texture.cpp; sourceTree = "<group>"; };
		5BE8522C244103F7001EAC83 /* Texture.hpp */ = {isa = PBXFileReference; lastKnownFileType = sourcecode.cpp.h; path = Texture.hpp; sourceTree = "<group>"; };
		5BE85238244400FC001EAC83 /* Light.cpp */ = {isa = PBXFileReference; lastKnownFileType = sourcecode.cpp.cpp; path = Light.cpp; sourceTree = "<group>"; };
		5BE85239244400FC001EAC83 /* Light.hpp */ = {isa = PBXFileReference; lastKnownFileType = sourcecode.cpp.h; path = Light.hpp; sourceTree = "<group>"; };
		5BE8523B2447EB05001EAC83 /* Material.cpp */ = {isa = PBXFileReference; lastKnownFileType = sourcecode.cpp.cpp; path = Material.cpp; sourceTree = "<group>"; };
		5BE8523C2447EB05001EAC83 /* Material.hpp */ = {isa = PBXFileReference; lastKnownFileType = sourcecode.cpp.h; path = Material.hpp; sourceTree = "<group>"; };
		5BEDFE1124645F85008B2FC9 /* DirectionalLight.cpp */ = {isa = PBXFileReference; lastKnownFileType = sourcecode.cpp.cpp; path = DirectionalLight.cpp; sourceTree = "<group>"; };
		5BEDFE1224645F85008B2FC9 /* DirectionalLight.hpp */ = {isa = PBXFileReference; lastKnownFileType = sourcecode.cpp.h; path = DirectionalLight.hpp; sourceTree = "<group>"; };
		5BEDFE14247D2C3C008B2FC9 /* PointLight.cpp */ = {isa = PBXFileReference; lastKnownFileType = sourcecode.cpp.cpp; path = PointLight.cpp; sourceTree = "<group>"; };
		5BEDFE15247D2C3C008B2FC9 /* PointLight.hpp */ = {isa = PBXFileReference; lastKnownFileType = sourcecode.cpp.h; path = PointLight.hpp; sourceTree = "<group>"; };
		5BEDFE17247E85FF008B2FC9 /* CommonValues.h */ = {isa = PBXFileReference; lastKnownFileType = sourcecode.c.h; path = CommonValues.h; sourceTree = "<group>"; };
		5BEDFE1824811F14008B2FC9 /* SpotLight.cpp */ = {isa = PBXFileReference; lastKnownFileType = sourcecode.cpp.cpp; path = SpotLight.cpp; sourceTree = "<group>"; };
		5BEDFE1924811F14008B2FC9 /* SpotLight.hpp */ = {isa = PBXFileReference; lastKnownFileType = sourcecode.cpp.h; path = SpotLight.hpp; sourceTree = "<group>"; };
		5BEDFE1B24867D0C008B2FC9 /* libassimpd.5.0.1.dylib */ = {isa = PBXFileReference; lastKnownFileType = "compiled.mach-o.dylib"; name = libassimpd.5.0.1.dylib; path = ../assimp/build/bin/Debug/libassimpd.5.0.1.dylib; sourceTree = "<group>"; };
		5BEDFE1D24868B69008B2FC9 /* 5.0.1 */ = {isa = PBXFileReference; lastKnownFileType = folder; name = 5.0.1; path = ../../../../usr/local/Cellar/assimp/5.0.1; sourceTree = "<group>"; };
		5BEDFE1F24868BAA008B2FC9 /* libassimp.5.0.0.dylib */ = {isa = PBXFileReference; lastKnownFileType = "compiled.mach-o.dylib"; name = libassimp.5.0.0.dylib; path = ../../../../usr/local/Cellar/assimp/5.0.1/lib/libassimp.5.0.0.dylib; sourceTree = "<group>"; };
		5BEDFE262486EE30008B2FC9 /* libassimp.3.3.1.dylib */ = {isa = PBXFileReference; lastKnownFileType = "compiled.mach-o.dylib"; name = libassimp.3.3.1.dylib; path = ../library/libassimp.3.3.1.dylib; sourceTree = "<group>"; };
/* End PBXFileReference section */

/* Begin PBXFrameworksBuildPhase section */
		5B332E4223D5206D00494F35 /* Frameworks */ = {
			isa = PBXFrameworksBuildPhase;
			buildActionMask = 2147483647;
			files = (
				5BEDFE272486EE32008B2FC9 /* libassimp.3.3.1.dylib in Frameworks */,
				5B332E5723D521F200494F35 /* libglfw.3.3.dylib in Frameworks */,
				5B332E5323D521BF00494F35 /* libGLEW.2.1.0.dylib in Frameworks */,
				5B332E5123D5213500494F35 /* OpenGL.framework in Frameworks */,
			);
			runOnlyForDeploymentPostprocessing = 0;
		};
/* End PBXFrameworksBuildPhase section */

/* Begin PBXGroup section */
		5B332E3C23D5206D00494F35 = {
			isa = PBXGroup;
			children = (
				5B332E4723D5206D00494F35 /* OpenGLCourseApp */,
				5B332E4623D5206D00494F35 /* Products */,
				5B332E4F23D5213500494F35 /* Frameworks */,
			);
			sourceTree = "<group>";
		};
		5B332E4623D5206D00494F35 /* Products */ = {
			isa = PBXGroup;
			children = (
				5B332E4523D5206D00494F35 /* OpenGLCourseApp */,
			);
			name = Products;
			sourceTree = "<group>";
		};
		5B332E4723D5206D00494F35 /* OpenGLCourseApp */ = {
			isa = PBXGroup;
			children = (
				5B94756E24310C3A005C526C /* Shader */,
				5B332E4823D5206D00494F35 /* main.cpp */,
				5B94755E242D7EBD005C526C /* Mesh.cpp */,
				5B94755F242D7EBD005C526C /* Mesh.hpp */,
				5B9475612430EC9B005C526C /* Shader.cpp */,
				5B9475622430EC9B005C526C /* Shader.hpp */,
				5B94757024323E41005C526C /* Window.cpp */,
				5B94757124323E41005C526C /* Window.hpp */,
				5BE85228243E5F5F001EAC83 /* Camera.cpp */,
				5BE85229243E5F5F001EAC83 /* Camera.hpp */,
				5BE8522B244103F7001EAC83 /* Texture.cpp */,
				5BE8522C244103F7001EAC83 /* Texture.hpp */,
				5BE85238244400FC001EAC83 /* Light.cpp */,
				5BE85239244400FC001EAC83 /* Light.hpp */,
				5BE8523B2447EB05001EAC83 /* Material.cpp */,
				5BE8523C2447EB05001EAC83 /* Material.hpp */,
				5BEDFE1124645F85008B2FC9 /* DirectionalLight.cpp */,
				5BEDFE1224645F85008B2FC9 /* DirectionalLight.hpp */,
				5BEDFE14247D2C3C008B2FC9 /* PointLight.cpp */,
				5BEDFE15247D2C3C008B2FC9 /* PointLight.hpp */,
				5BEDFE17247E85FF008B2FC9 /* CommonValues.h */,
				5BEDFE1824811F14008B2FC9 /* SpotLight.cpp */,
				5BEDFE1924811F14008B2FC9 /* SpotLight.hpp */,
				5B3E30A22487C2AF001B8722 /* Model.cpp */,
				5B3E30A32487C2AF001B8722 /* Model.hpp */,
			);
			path = OpenGLCourseApp;
			sourceTree = "<group>";
		};
		5B332E4F23D5213500494F35 /* Frameworks */ = {
			isa = PBXGroup;
			children = (
				5BEDFE262486EE30008B2FC9 /* libassimp.3.3.1.dylib */,
				5BEDFE1F24868BAA008B2FC9 /* libassimp.5.0.0.dylib */,
				5BEDFE1D24868B69008B2FC9 /* 5.0.1 */,
				5BEDFE1B24867D0C008B2FC9 /* libassimpd.5.0.1.dylib */,
				5B332E5623D521F100494F35 /* libglfw.3.3.dylib */,
				5B332E5423D521D000494F35 /* Cellar */,
				5B332E5223D521BF00494F35 /* libGLEW.2.1.0.dylib */,
				5B332E5023D5213500494F35 /* OpenGL.framework */,
			);
			name = Frameworks;
			sourceTree = "<group>";
		};
		5B94756E24310C3A005C526C /* Shader */ = {
			isa = PBXGroup;
			children = (
				5B94756C24310A47005C526C /* shader.fs */,
				5B94756D24310C1B005C526C /* shader.vs */,
			);
			path = Shader;
			sourceTree = "<group>";
		};
/* End PBXGroup section */

/* Begin PBXNativeTarget section */
		5B332E4423D5206D00494F35 /* OpenGLCourseApp */ = {
			isa = PBXNativeTarget;
			buildConfigurationList = 5B332E4C23D5206D00494F35 /* Build configuration list for PBXNativeTarget "OpenGLCourseApp" */;
			buildPhases = (
				5B332E4123D5206D00494F35 /* Sources */,
				5B332E4223D5206D00494F35 /* Frameworks */,
				5B332E4323D5206D00494F35 /* CopyFiles */,
			);
			buildRules = (
			);
			dependencies = (
			);
			name = OpenGLCourseApp;
			productName = OpenGLCourseApp;
			productReference = 5B332E4523D5206D00494F35 /* OpenGLCourseApp */;
			productType = "com.apple.product-type.tool";
		};
/* End PBXNativeTarget section */

/* Begin PBXProject section */
		5B332E3D23D5206D00494F35 /* Project object */ = {
			isa = PBXProject;
			attributes = {
				LastUpgradeCheck = 1130;
				ORGANIZATIONNAME = "Donya Hojabr";
				TargetAttributes = {
					5B332E4423D5206D00494F35 = {
						CreatedOnToolsVersion = 11.3.1;
					};
				};
			};
			buildConfigurationList = 5B332E4023D5206D00494F35 /* Build configuration list for PBXProject "OpenGLCourseApp" */;
			compatibilityVersion = "Xcode 9.3";
			developmentRegion = en;
			hasScannedForEncodings = 0;
			knownRegions = (
				en,
				Base,
			);
			mainGroup = 5B332E3C23D5206D00494F35;
			productRefGroup = 5B332E4623D5206D00494F35 /* Products */;
			projectDirPath = "";
			projectRoot = "";
			targets = (
				5B332E4423D5206D00494F35 /* OpenGLCourseApp */,
			);
		};
/* End PBXProject section */

/* Begin PBXSourcesBuildPhase section */
		5B332E4123D5206D00494F35 /* Sources */ = {
			isa = PBXSourcesBuildPhase;
			buildActionMask = 2147483647;
			files = (
				5BE8523A244400FC001EAC83 /* Light.cpp in Sources */,
				5BEDFE16247D2C3C008B2FC9 /* PointLight.cpp in Sources */,
				5BEDFE1A24811F14008B2FC9 /* SpotLight.cpp in Sources */,
				5B3E30A42487C2AF001B8722 /* Model.cpp in Sources */,
				5B947560242D7EBD005C526C /* Mesh.cpp in Sources */,
				5BEDFE1324645F85008B2FC9 /* DirectionalLight.cpp in Sources */,
				5B9475632430EC9B005C526C /* Shader.cpp in Sources */,
				5BE8522A243E5F5F001EAC83 /* Camera.cpp in Sources */,
				5BE8523D2447EB05001EAC83 /* Material.cpp in Sources */,
				5BE8522D244103F7001EAC83 /* Texture.cpp in Sources */,
				5B332E4923D5206D00494F35 /* main.cpp in Sources */,
				5B94757224323E41005C526C /* Window.cpp in Sources */,
			);
			runOnlyForDeploymentPostprocessing = 0;
		};
/* End PBXSourcesBuildPhase section */

/* Begin XCBuildConfiguration section */
		5B332E4A23D5206D00494F35 /* Debug */ = {
			isa = XCBuildConfiguration;
			buildSettings = {
				ALWAYS_SEARCH_USER_PATHS = NO;
				CLANG_ANALYZER_NONNULL = YES;
				CLANG_ANALYZER_NUMBER_OBJECT_CONVERSION = YES_AGGRESSIVE;
				CLANG_CXX_LANGUAGE_STANDARD = "gnu++14";
				CLANG_CXX_LIBRARY = "libc++";
				CLANG_ENABLE_MODULES = YES;
				CLANG_ENABLE_OBJC_ARC = YES;
				CLANG_ENABLE_OBJC_WEAK = YES;
				CLANG_WARN_BLOCK_CAPTURE_AUTORELEASING = YES;
				CLANG_WARN_BOOL_CONVERSION = YES;
				CLANG_WARN_COMMA = YES;
				CLANG_WARN_CONSTANT_CONVERSION = YES;
				CLANG_WARN_DEPRECATED_OBJC_IMPLEMENTATIONS = YES;
				CLANG_WARN_DIRECT_OBJC_ISA_USAGE = YES_ERROR;
				CLANG_WARN_DOCUMENTATION_COMMENTS = YES;
				CLANG_WARN_EMPTY_BODY = YES;
				CLANG_WARN_ENUM_CONVERSION = YES;
				CLANG_WARN_INFINITE_RECURSION = YES;
				CLANG_WARN_INT_CONVERSION = YES;
				CLANG_WARN_NON_LITERAL_NULL_CONVERSION = YES;
				CLANG_WARN_OBJC_IMPLICIT_RETAIN_SELF = YES;
				CLANG_WARN_OBJC_LITERAL_CONVERSION = YES;
				CLANG_WARN_OBJC_ROOT_CLASS = YES_ERROR;
				CLANG_WARN_RANGE_LOOP_ANALYSIS = YES;
				CLANG_WARN_STRICT_PROTOTYPES = YES;
				CLANG_WARN_SUSPICIOUS_MOVE = YES;
				CLANG_WARN_UNGUARDED_AVAILABILITY = YES_AGGRESSIVE;
				CLANG_WARN_UNREACHABLE_CODE = YES;
				CLANG_WARN__DUPLICATE_METHOD_MATCH = YES;
				COPY_PHASE_STRIP = NO;
				DEBUG_INFORMATION_FORMAT = dwarf;
				ENABLE_STRICT_OBJC_MSGSEND = YES;
				ENABLE_TESTABILITY = YES;
				GCC_C_LANGUAGE_STANDARD = gnu11;
				GCC_DYNAMIC_NO_PIC = NO;
				GCC_NO_COMMON_BLOCKS = YES;
				GCC_OPTIMIZATION_LEVEL = 0;
				GCC_PREPROCESSOR_DEFINITIONS = (
					"DEBUG=1",
					"$(inherited)",
				);
				GCC_WARN_64_TO_32_BIT_CONVERSION = YES;
				GCC_WARN_ABOUT_RETURN_TYPE = YES_ERROR;
				GCC_WARN_UNDECLARED_SELECTOR = YES;
				GCC_WARN_UNINITIALIZED_AUTOS = YES_AGGRESSIVE;
				GCC_WARN_UNUSED_FUNCTION = YES;
				GCC_WARN_UNUSED_VARIABLE = YES;
				MACOSX_DEPLOYMENT_TARGET = 10.14;
				MTL_ENABLE_DEBUG_INFO = INCLUDE_SOURCE;
				MTL_FAST_MATH = YES;
				ONLY_ACTIVE_ARCH = YES;
				SDKROOT = macosx;
			};
			name = Debug;
		};
		5B332E4B23D5206D00494F35 /* Release */ = {
			isa = XCBuildConfiguration;
			buildSettings = {
				ALWAYS_SEARCH_USER_PATHS = NO;
				CLANG_ANALYZER_NONNULL = YES;
				CLANG_ANALYZER_NUMBER_OBJECT_CONVERSION = YES_AGGRESSIVE;
				CLANG_CXX_LANGUAGE_STANDARD = "gnu++14";
				CLANG_CXX_LIBRARY = "libc++";
				CLANG_ENABLE_MODULES = YES;
				CLANG_ENABLE_OBJC_ARC = YES;
				CLANG_ENABLE_OBJC_WEAK = YES;
				CLANG_WARN_BLOCK_CAPTURE_AUTORELEASING = YES;
				CLANG_WARN_BOOL_CONVERSION = YES;
				CLANG_WARN_COMMA = YES;
				CLANG_WARN_CONSTANT_CONVERSION = YES;
				CLANG_WARN_DEPRECATED_OBJC_IMPLEMENTATIONS = YES;
				CLANG_WARN_DIRECT_OBJC_ISA_USAGE = YES_ERROR;
				CLANG_WARN_DOCUMENTATION_COMMENTS = YES;
				CLANG_WARN_EMPTY_BODY = YES;
				CLANG_WARN_ENUM_CONVERSION = YES;
				CLANG_WARN_INFINITE_RECURSION = YES;
				CLANG_WARN_INT_CONVERSION = YES;
				CLANG_WARN_NON_LITERAL_NULL_CONVERSION = YES;
				CLANG_WARN_OBJC_IMPLICIT_RETAIN_SELF = YES;
				CLANG_WARN_OBJC_LITERAL_CONVERSION = YES;
				CLANG_WARN_OBJC_ROOT_CLASS = YES_ERROR;
				CLANG_WARN_RANGE_LOOP_ANALYSIS = YES;
				CLANG_WARN_STRICT_PROTOTYPES = YES;
				CLANG_WARN_SUSPICIOUS_MOVE = YES;
				CLANG_WARN_UNGUARDED_AVAILABILITY = YES_AGGRESSIVE;
				CLANG_WARN_UNREACHABLE_CODE = YES;
				CLANG_WARN__DUPLICATE_METHOD_MATCH = YES;
				COPY_PHASE_STRIP = NO;
				DEBUG_INFORMATION_FORMAT = "dwarf-with-dsym";
				ENABLE_NS_ASSERTIONS = NO;
				ENABLE_STRICT_OBJC_MSGSEND = YES;
				GCC_C_LANGUAGE_STANDARD = gnu11;
				GCC_NO_COMMON_BLOCKS = YES;
				GCC_WARN_64_TO_32_BIT_CONVERSION = YES;
				GCC_WARN_ABOUT_RETURN_TYPE = YES_ERROR;
				GCC_WARN_UNDECLARED_SELECTOR = YES;
				GCC_WARN_UNINITIALIZED_AUTOS = YES_AGGRESSIVE;
				GCC_WARN_UNUSED_FUNCTION = YES;
				GCC_WARN_UNUSED_VARIABLE = YES;
				MACOSX_DEPLOYMENT_TARGET = 10.14;
				MTL_ENABLE_DEBUG_INFO = NO;
				MTL_FAST_MATH = YES;
				SDKROOT = macosx;
			};
			name = Release;
		};
		5B332E4D23D5206D00494F35 /* Debug */ = {
			isa = XCBuildConfiguration;
			buildSettings = {
				CODE_SIGN_STYLE = Automatic;
				HEADER_SEARCH_PATHS = (
					/usr/local/include,
					/usr/local/Cellar/assimp/5.0.1/include,
				);
				LIBRARY_SEARCH_PATHS = (
					"$(inherited)",
					/usr/local/Cellar/glew/2.1.0/lib,
					/usr/local/Cellar/glfw/3.3.1/lib,
					/Users/donyahojabr/Documents/library,
				);
				PRODUCT_NAME = "$(TARGET_NAME)";
			};
			name = Debug;
		};
		5B332E4E23D5206D00494F35 /* Release */ = {
			isa = XCBuildConfiguration;
			buildSettings = {
				CODE_SIGN_STYLE = Automatic;
				HEADER_SEARCH_PATHS = (
					/usr/local/include,
					/usr/local/Cellar/assimp/5.0.1/include,
				);
				LIBRARY_SEARCH_PATHS = (
					"$(inherited)",
					/usr/local/Cellar/glew/2.1.0/lib,
					/usr/local/Cellar/glfw/3.3.1/lib,
					/Users/donyahojabr/Documents/library,
				);
				PRODUCT_NAME = "$(TARGET_NAME)";
			};
			name = Release;
		};
/* End XCBuildConfiguration section */

/* Begin XCConfigurationList section */
		5B332E4023D5206D00494F35 /* Build configuration list for PBXProject "OpenGLCourseApp" */ = {
			isa = XCConfigurationList;
			buildConfigurations = (
				5B332E4A23D5206D00494F35 /* Debug */,
				5B332E4B23D5206D00494F35 /* Release */,
			);
			defaultConfigurationIsVisible = 0;
			defaultConfigurationName = Release;
		};
		5B332E4C23D5206D00494F35 /* Build configuration list for PBXNativeTarget "OpenGLCourseApp" */ = {
			isa = XCConfigurationList;
			buildConfigurations = (
				5B332E4D23D5206D00494F35 /* Debug */,
				5B332E4E23D5206D00494F35 /* Release */,
			);
			defaultConfigurationIsVisible = 0;
			defaultConfigurationName = Release;
		};
/* End XCConfigurationList section */
	};
	rootObject = 5B332E3D23D5206D00494F35 /* Project object */;
}
